
Microsoft Visual Studio Solution File, Format Version 12.00
# Visual Studio 2012
Project("{FAE04EC0-301F-11D3-BF4B-00C04F79EFBC}") = "ControlToques", "ControlToques\ControlToques.csproj", "{C24F02C2-D775-47FE-AFA5-37D6F5C24A16}"
EndProject
Project("{FAE04EC0-301F-11D3-BF4B-00C04F79EFBC}") = "ControlToques.Droid", "Droid\ControlToques.Droid.csproj", "{A50625CC-79C8-453D-A1B5-2E60B0997C0F}"
EndProject
Global
	GlobalSection(SolutionConfigurationPlatforms) = preSolution
		Debug|Any CPU = Debug|Any CPU
		Release|Any CPU = Release|Any CPU
	EndGlobalSection
	GlobalSection(ProjectConfigurationPlatforms) = postSolution
		{C24F02C2-D775-47FE-AFA5-37D6F5C24A16}.Debug|Any CPU.ActiveCfg = Debug|Any CPU
		{C24F02C2-D775-47FE-AFA5-37D6F5C24A16}.Debug|Any CPU.Build.0 = Debug|Any CPU
		{C24F02C2-D775-47FE-AFA5-37D6F5C24A16}.Release|Any CPU.ActiveCfg = Release|Any CPU
		{C24F02C2-D775-47FE-AFA5-37D6F5C24A16}.Release|Any CPU.Build.0 = Release|Any CPU
		{A50625CC-79C8-453D-A1B5-2E60B0997C0F}.Debug|Any CPU.ActiveCfg = Debug|Any CPU
		{A50625CC-79C8-453D-A1B5-2E60B0997C0F}.Debug|Any CPU.Build.0 = Debug|Any CPU
		{A50625CC-79C8-453D-A1B5-2E60B0997C0F}.Release|Any CPU.ActiveCfg = Release|Any CPU
		{A50625CC-79C8-453D-A1B5-2E60B0997C0F}.Release|Any CPU.Build.0 = Release|Any CPU
	EndGlobalSection
EndGlobal
